
Microsoft Visual Studio Solution File, Format Version 12.00
# Visual Studio Version 16
VisualStudioVersion = 16.0.31911.196
MinimumVisualStudioVersion = 10.0.40219.1
Project("{FAE04EC0-301F-11D3-BF4B-00C04F79EFBC}") = "LearnDelegates", "LearnDelegates.csproj", "{0D78A0AC-4405-498E-A681-D25982D89FC2}"
EndProject
Global
	GlobalSection(SolutionConfigurationPlatforms) = preSolution
		Debug|Any CPU = Debug|Any CPU
		Release|Any CPU = Release|Any CPU
	EndGlobalSection
	GlobalSection(ProjectConfigurationPlatforms) = postSolution
		{0D78A0AC-4405-498E-A681-D25982D89FC2}.Debug|Any CPU.ActiveCfg = Debug|Any CPU
		{0D78A0AC-4405-498E-A681-D25982D89FC2}.Debug|Any CPU.Build.0 = Debug|Any CPU
		{0D78A0AC-4405-498E-A681-D25982D89FC2}.Release|Any CPU.ActiveCfg = Release|Any CPU
		{0D78A0AC-4405-498E-A681-D25982D89FC2}.Release|Any CPU.Build.0 = Release|Any CPU
	EndGlobalSection
	GlobalSection(SolutionProperties) = preSolution
		HideSolutionNode = FALSE
	EndGlobalSection
	GlobalSection(ExtensibilityGlobals) = postSolution
		SolutionGuid = {55CA567E-DBE4-4280-BA23-3F1F2A91A316}
	EndGlobalSection
EndGlobal
